
Microsoft Visual Studio Solution File, Format Version 12.00
# Visual Studio Version 16
VisualStudioVersion = 16.0.32002.261
MinimumVisualStudioVersion = 10.0.40219.1
Project("{FAE04EC0-301F-11D3-BF4B-00C04F79EFBC}") = "MySuperBank", "MySuperBank\MySuperBank.csproj", "{6FA8B9EE-CAFC-4E65-AD27-60E24DC7A31D}"
EndProject
Global
	GlobalSection(SolutionConfigurationPlatforms) = preSolution
		Debug|Any CPU = Debug|Any CPU
		Release|Any CPU = Release|Any CPU
	EndGlobalSection
	GlobalSection(ProjectConfigurationPlatforms) = postSolution
		{6FA8B9EE-CAFC-4E65-AD27-60E24DC7A31D}.Debug|Any CPU.ActiveCfg = Debug|Any CPU
		{6FA8B9EE-CAFC-4E65-AD27-60E24DC7A31D}.Debug|Any CPU.Build.0 = Debug|Any CPU
		{6FA8B9EE-CAFC-4E65-AD27-60E24DC7A31D}.Release|Any CPU.ActiveCfg = Release|Any CPU
		{6FA8B9EE-CAFC-4E65-AD27-60E24DC7A31D}.Release|Any CPU.Build.0 = Release|Any CPU
	EndGlobalSection
	GlobalSection(SolutionProperties) = preSolution
		HideSolutionNode = FALSE
	EndGlobalSection
	GlobalSection(ExtensibilityGlobals) = postSolution
		SolutionGuid = {B56988FD-0AB4-4AA0-A6BD-6A0A75A45E94}
	EndGlobalSection
EndGlobal
